
Microsoft Visual Studio Solution File, Format Version 12.00
# Visual Studio Version 16
VisualStudioVersion = 16.0.30611.23
MinimumVisualStudioVersion = 10.0.40219.1
Project("{FAE04EC0-301F-11D3-BF4B-00C04F79EFBC}") = "AppProxyC2", "AppProxyC2\AppProxyC2.csproj", "{1A99EBED-6E53-469F-88B7-F4C3D2C96B07}"
EndProject
Project("{FAE04EC0-301F-11D3-BF4B-00C04F79EFBC}") = "AppProxyC2CertificateCreator", "AppProxyC2CertificateCreator\AppProxyC2CertificateCreator.csproj", "{8443F171-603C-499C-B6A6-F4F6910FD1D9}"
EndProject
Global
	GlobalSection(SolutionConfigurationPlatforms) = preSolution
		Debug|Any CPU = Debug|Any CPU
		Release|Any CPU = Release|Any CPU
	EndGlobalSection
	GlobalSection(ProjectConfigurationPlatforms) = postSolution
		{1A99EBED-6E53-469F-88B7-F4C3D2C96B07}.Debug|Any CPU.ActiveCfg = Debug|Any CPU
		{1A99EBED-6E53-469F-88B7-F4C3D2C96B07}.Debug|Any CPU.Build.0 = Debug|Any CPU
		{1A99EBED-6E53-469F-88B7-F4C3D2C96B07}.Release|Any CPU.ActiveCfg = Release|Any CPU
		{1A99EBED-6E53-469F-88B7-F4C3D2C96B07}.Release|Any CPU.Build.0 = Release|Any CPU
		{8443F171-603C-499C-B6A6-F4F6910FD1D9}.Debug|Any CPU.ActiveCfg = Debug|Any CPU
		{8443F171-603C-499C-B6A6-F4F6910FD1D9}.Debug|Any CPU.Build.0 = Debug|Any CPU
		{8443F171-603C-499C-B6A6-F4F6910FD1D9}.Release|Any CPU.ActiveCfg = Release|Any CPU
		{8443F171-603C-499C-B6A6-F4F6910FD1D9}.Release|Any CPU.Build.0 = Release|Any CPU
	EndGlobalSection
	GlobalSection(SolutionProperties) = preSolution
		HideSolutionNode = FALSE
	EndGlobalSection
	GlobalSection(ExtensibilityGlobals) = postSolution
		SolutionGuid = {38FD19A8-617F-4508-8A51-345DED9E2379}
	EndGlobalSection
EndGlobal
